// !$*UTF8*$!
{
	archiveVersion = 1;
	classes = {
	};
	objectVersion = 50;
	objects = {

/* Begin PBXBuildFile section */
		DA0D2969214A3CA70018A85C /* ContainerViewController.swift in Sources */ = {isa = PBXBuildFile; fileRef = DA0D2968214A3CA70018A85C /* ContainerViewController.swift */; };
		DAB629992149753000A11728 /* AppDelegate.swift in Sources */ = {isa = PBXBuildFile; fileRef = DAB629982149753000A11728 /* AppDelegate.swift */; };
		DAB6299D2149753000A11728 /* SecondViewController.swift in Sources */ = {isa = PBXBuildFile; fileRef = DAB6299C2149753000A11728 /* SecondViewController.swift */; };
		DAB629A02149753000A11728 /* Main.storyboard in Resources */ = {isa = PBXBuildFile; fileRef = DAB6299E2149753000A11728 /* Main.storyboard */; };
		DAB629A22149753100A11728 /* Assets.xcassets in Resources */ = {isa = PBXBuildFile; fileRef = DAB629A12149753100A11728 /* Assets.xcassets */; };
		DAB629A52149753100A11728 /* LaunchScreen.storyboard in Resources */ = {isa = PBXBuildFile; fileRef = DAB629A32149753100A11728 /* LaunchScreen.storyboard */; };
		DAB629B32149783400A11728 /* MapViewController.swift in Sources */ = {isa = PBXBuildFile; fileRef = DAB629B12149783400A11728 /* MapViewController.swift */; };
		DAB629B42149783400A11728 /* MapViewController.xib in Resources */ = {isa = PBXBuildFile; fileRef = DAB629B22149783400A11728 /* MapViewController.xib */; };
		DAB629B7214978C500A11728 /* BottomViewController.swift in Sources */ = {isa = PBXBuildFile; fileRef = DAB629B5214978C500A11728 /* BottomViewController.swift */; };
		DAB629B8214978C500A11728 /* BottomViewController.xib in Resources */ = {isa = PBXBuildFile; fileRef = DAB629B6214978C500A11728 /* BottomViewController.xib */; };
		DAB629BA21497DAD00A11728 /* ContainerView.swift in Sources */ = {isa = PBXBuildFile; fileRef = DAB629B921497DAD00A11728 /* ContainerView.swift */; };
		DAB629BC21497DDF00A11728 /* BottomSheetBackgroundView.swift in Sources */ = {isa = PBXBuildFile; fileRef = DAB629BB21497DDF00A11728 /* BottomSheetBackgroundView.swift */; };
/* End PBXBuildFile section */

/* Begin PBXFileReference section */
		DA0D2968214A3CA70018A85C /* ContainerViewController.swift */ = {isa = PBXFileReference; fileEncoding = 4; lastKnownFileType = sourcecode.swift; path = ContainerViewController.swift; sourceTree = "<group>"; };
		DAB629952149752F00A11728 /* BottomSheetDemo.app */ = {isa = PBXFileReference; explicitFileType = wrapper.application; includeInIndex = 0; path = BottomSheetDemo.app; sourceTree = BUILT_PRODUCTS_DIR; };
		DAB629982149753000A11728 /* AppDelegate.swift */ = {isa = PBXFileReference; lastKnownFileType = sourcecode.swift; path = AppDelegate.swift; sourceTree = "<group>"; };
		DAB6299C2149753000A11728 /* SecondViewController.swift */ = {isa = PBXFileReference; lastKnownFileType = sourcecode.swift; path = SecondViewController.swift; sourceTree = "<group>"; };
		DAB6299F2149753000A11728 /* Base */ = {isa = PBXFileReference; lastKnownFileType = file.storyboard; name = Base; path = Base.lproj/Main.storyboard; sourceTree = "<group>"; };
		DAB629A12149753100A11728 /* Assets.xcassets */ = {isa = PBXFileReference; lastKnownFileType = folder.assetcatalog; path = Assets.xcassets; sourceTree = "<group>"; };
		DAB629A42149753100A11728 /* Base */ = {isa = PBXFileReference; lastKnownFileType = file.storyboard; name = Base; path = Base.lproj/LaunchScreen.storyboard; sourceTree = "<group>"; };
		DAB629A62149753100A11728 /* Info.plist */ = {isa = PBXFileReference; lastKnownFileType = text.plist.xml; path = Info.plist; sourceTree = "<group>"; };
		DAB629B12149783400A11728 /* MapViewController.swift */ = {isa = PBXFileReference; lastKnownFileType = sourcecode.swift; path = MapViewController.swift; sourceTree = "<group>"; };
		DAB629B22149783400A11728 /* MapViewController.xib */ = {isa = PBXFileReference; lastKnownFileType = file.xib; path = MapViewController.xib; sourceTree = "<group>"; };
		DAB629B5214978C500A11728 /* BottomViewController.swift */ = {isa = PBXFileReference; lastKnownFileType = sourcecode.swift; path = BottomViewController.swift; sourceTree = "<group>"; };
		DAB629B6214978C500A11728 /* BottomViewController.xib */ = {isa = PBXFileReference; lastKnownFileType = file.xib; path = BottomViewController.xib; sourceTree = "<group>"; };
		DAB629B921497DAD00A11728 /* ContainerView.swift */ = {isa = PBXFileReference; lastKnownFileType = sourcecode.swift; path = ContainerView.swift; sourceTree = "<group>"; };
		DAB629BB21497DDF00A11728 /* BottomSheetBackgroundView.swift */ = {isa = PBXFileReference; fileEncoding = 4; lastKnownFileType = sourcecode.swift; path = BottomSheetBackgroundView.swift; sourceTree = "<group>"; };
/* End PBXFileReference section */

/* Begin PBXFrameworksBuildPhase section */
		DAB629922149752F00A11728 /* Frameworks */ = {
			isa = PBXFrameworksBuildPhase;
			buildActionMask = 2147483647;
			files = (
			);
			runOnlyForDeploymentPostprocessing = 0;
		};
/* End PBXFrameworksBuildPhase section */

/* Begin PBXGroup section */
		DAB6298C2149752F00A11728 = {
			isa = PBXGroup;
			children = (
				DAB629972149753000A11728 /* BottomSheetDemo */,
				DAB629962149752F00A11728 /* Products */,
			);
			sourceTree = "<group>";
		};
		DAB629962149752F00A11728 /* Products */ = {
			isa = PBXGroup;
			children = (
				DAB629952149752F00A11728 /* BottomSheetDemo.app */,
			);
			name = Products;
			sourceTree = "<group>";
		};
		DAB629972149753000A11728 /* BottomSheetDemo */ = {
			isa = PBXGroup;
			children = (
				DAB629BB21497DDF00A11728 /* BottomSheetBackgroundView.swift */,
				DAB629982149753000A11728 /* AppDelegate.swift */,
				DA0D2968214A3CA70018A85C /* ContainerViewController.swift */,
				DAB6299C2149753000A11728 /* SecondViewController.swift */,
				DAB6299E2149753000A11728 /* Main.storyboard */,
				DAB629A12149753100A11728 /* Assets.xcassets */,
				DAB629A32149753100A11728 /* LaunchScreen.storyboard */,
				DAB629A62149753100A11728 /* Info.plist */,
				DAB629B12149783400A11728 /* MapViewController.swift */,
				DAB629B22149783400A11728 /* MapViewController.xib */,
				DAB629B5214978C500A11728 /* BottomViewController.swift */,
				DAB629B6214978C500A11728 /* BottomViewController.xib */,
				DAB629B921497DAD00A11728 /* ContainerView.swift */,
			);
			path = BottomSheetDemo;
			sourceTree = "<group>";
		};
/* End PBXGroup section */

/* Begin PBXNativeTarget section */
		DAB629942149752F00A11728 /* BottomSheetDemo */ = {
			isa = PBXNativeTarget;
			buildConfigurationList = DAB629A92149753100A11728 /* Build configuration list for PBXNativeTarget "BottomSheetDemo" */;
			buildPhases = (
				DAB629912149752F00A11728 /* Sources */,
				DAB629922149752F00A11728 /* Frameworks */,
				DAB629932149752F00A11728 /* Resources */,
			);
			buildRules = (
			);
			dependencies = (
			);
			name = BottomSheetDemo;
			productName = BottomSheetDemo;
			productReference = DAB629952149752F00A11728 /* BottomSheetDemo.app */;
			productType = "com.apple.product-type.application";
		};
/* End PBXNativeTarget section */

/* Begin PBXProject section */
		DAB6298D2149752F00A11728 /* Project object */ = {
			isa = PBXProject;
			attributes = {
				LastSwiftUpdateCheck = 0940;
				LastUpgradeCheck = 0940;
				ORGANIZATIONNAME = PhonePe;
				TargetAttributes = {
					DAB629942149752F00A11728 = {
						CreatedOnToolsVersion = 9.4.1;
					};
				};
			};
			buildConfigurationList = DAB629902149752F00A11728 /* Build configuration list for PBXProject "BottomSheetDemo" */;
			compatibilityVersion = "Xcode 9.3";
			developmentRegion = en;
			hasScannedForEncodings = 0;
			knownRegions = (
				en,
				Base,
			);
			mainGroup = DAB6298C2149752F00A11728;
			productRefGroup = DAB629962149752F00A11728 /* Products */;
			projectDirPath = "";
			projectRoot = "";
			targets = (
				DAB629942149752F00A11728 /* BottomSheetDemo */,
			);
		};
/* End PBXProject section */

/* Begin PBXResourcesBuildPhase section */
		DAB629932149752F00A11728 /* Resources */ = {
			isa = PBXResourcesBuildPhase;
			buildActionMask = 2147483647;
			files = (
				DAB629A52149753100A11728 /* LaunchScreen.storyboard in Resources */,
				DAB629A22149753100A11728 /* Assets.xcassets in Resources */,
				DAB629A02149753000A11728 /* Main.storyboard in Resources */,
				DAB629B42149783400A11728 /* MapViewController.xib in Resources */,
				DAB629B8214978C500A11728 /* BottomViewController.xib in Resources */,
			);
			runOnlyForDeploymentPostprocessing = 0;
		};
/* End PBXResourcesBuildPhase section */

/* Begin PBXSourcesBuildPhase section */
		DAB629912149752F00A11728 /* Sources */ = {
			isa = PBXSourcesBuildPhase;
			buildActionMask = 2147483647;
			files = (
				DAB6299D2149753000A11728 /* SecondViewController.swift in Sources */,
				DAB629BC21497DDF00A11728 /* BottomSheetBackgroundView.swift in Sources */,
				DA0D2969214A3CA70018A85C /* ContainerViewController.swift in Sources */,
				DAB629992149753000A11728 /* AppDelegate.swift in Sources */,
				DAB629BA21497DAD00A11728 /* ContainerView.swift in Sources */,
				DAB629B7214978C500A11728 /* BottomViewController.swift in Sources */,
				DAB629B32149783400A11728 /* MapViewController.swift in Sources */,
			);
			runOnlyForDeploymentPostprocessing = 0;
		};
/* End PBXSourcesBuildPhase section */

/* Begin PBXVariantGroup section */
		DAB6299E2149753000A11728 /* Main.storyboard */ = {
			isa = PBXVariantGroup;
			children = (
				DAB6299F2149753000A11728 /* Base */,
			);
			name = Main.storyboard;
			sourceTree = "<group>";
		};
		DAB629A32149753100A11728 /* LaunchScreen.storyboard */ = {
			isa = PBXVariantGroup;
			children = (
				DAB629A42149753100A11728 /* Base */,
			);
			name = LaunchScreen.storyboard;
			sourceTree = "<group>";
		};
/* End PBXVariantGroup section */

/* Begin XCBuildConfiguration section */
		DAB629A72149753100A11728 /* Debug */ = {
			isa = XCBuildConfiguration;
			buildSettings = {
				ALWAYS_SEARCH_USER_PATHS = NO;
				CLANG_ANALYZER_NONNULL = YES;
				CLANG_ANALYZER_NUMBER_OBJECT_CONVERSION = YES_AGGRESSIVE;
				CLANG_CXX_LANGUAGE_STANDARD = "gnu++14";
				CLANG_CXX_LIBRARY = "libc++";
				CLANG_ENABLE_MODULES = YES;
				CLANG_ENABLE_OBJC_ARC = YES;
				CLANG_ENABLE_OBJC_WEAK = YES;
				CLANG_WARN_BLOCK_CAPTURE_AUTORELEASING = YES;
				CLANG_WARN_BOOL_CONVERSION = YES;
				CLANG_WARN_COMMA = YES;
				CLANG_WARN_CONSTANT_CONVERSION = YES;
				CLANG_WARN_DEPRECATED_OBJC_IMPLEMENTATIONS = YES;
				CLANG_WARN_DIRECT_OBJC_ISA_USAGE = YES_ERROR;
				CLANG_WARN_DOCUMENTATION_COMMENTS = YES;
				CLANG_WARN_EMPTY_BODY = YES;
				CLANG_WARN_ENUM_CONVERSION = YES;
				CLANG_WARN_INFINITE_RECURSION = YES;
				CLANG_WARN_INT_CONVERSION = YES;
				CLANG_WARN_NON_LITERAL_NULL_CONVERSION = YES;
				CLANG_WARN_OBJC_IMPLICIT_RETAIN_SELF = YES;
				CLANG_WARN_OBJC_LITERAL_CONVERSION = YES;
				CLANG_WARN_OBJC_ROOT_CLASS = YES_ERROR;
				CLANG_WARN_RANGE_LOOP_ANALYSIS = YES;
				CLANG_WARN_STRICT_PROTOTYPES = YES;
				CLANG_WARN_SUSPICIOUS_MOVE = YES;
				CLANG_WARN_UNGUARDED_AVAILABILITY = YES_AGGRESSIVE;
				CLANG_WARN_UNREACHABLE_CODE = YES;
				CLANG_WARN__DUPLICATE_METHOD_MATCH = YES;
				CODE_SIGN_IDENTITY = "iPhone Developer";
				COPY_PHASE_STRIP = NO;
				DEBUG_INFORMATION_FORMAT = dwarf;
				ENABLE_STRICT_OBJC_MSGSEND = YES;
				ENABLE_TESTABILITY = YES;
				GCC_C_LANGUAGE_STANDARD = gnu11;
				GCC_DYNAMIC_NO_PIC = NO;
				GCC_NO_COMMON_BLOCKS = YES;
				GCC_OPTIMIZATION_LEVEL = 0;
				GCC_PREPROCESSOR_DEFINITIONS = (
					"DEBUG=1",
					"$(inherited)",
				);
				GCC_WARN_64_TO_32_BIT_CONVERSION = YES;
				GCC_WARN_ABOUT_RETURN_TYPE = YES_ERROR;
				GCC_WARN_UNDECLARED_SELECTOR = YES;
				GCC_WARN_UNINITIALIZED_AUTOS = YES_AGGRESSIVE;
				GCC_WARN_UNUSED_FUNCTION = YES;
				GCC_WARN_UNUSED_VARIABLE = YES;
				IPHONEOS_DEPLOYMENT_TARGET = 11.4;
				MTL_ENABLE_DEBUG_INFO = YES;
				ONLY_ACTIVE_ARCH = YES;
				SDKROOT = iphoneos;
				SWIFT_ACTIVE_COMPILATION_CONDITIONS = DEBUG;
				SWIFT_OPTIMIZATION_LEVEL = "-Onone";
			};
			name = Debug;
		};
		DAB629A82149753100A11728 /* Release */ = {
			isa = XCBuildConfiguration;
			buildSettings = {
				ALWAYS_SEARCH_USER_PATHS = NO;
				CLANG_ANALYZER_NONNULL = YES;
				CLANG_ANALYZER_NUMBER_OBJECT_CONVERSION = YES_AGGRESSIVE;
				CLANG_CXX_LANGUAGE_STANDARD = "gnu++14";
				CLANG_CXX_LIBRARY = "libc++";
				CLANG_ENABLE_MODULES = YES;
				CLANG_ENABLE_OBJC_ARC = YES;
				CLANG_ENABLE_OBJC_WEAK = YES;
				CLANG_WARN_BLOCK_CAPTURE_AUTORELEASING = YES;
				CLANG_WARN_BOOL_CONVERSION = YES;
				CLANG_WARN_COMMA = YES;
				CLANG_WARN_CONSTANT_CONVERSION = YES;
				CLANG_WARN_DEPRECATED_OBJC_IMPLEMENTATIONS = YES;
				CLANG_WARN_DIRECT_OBJC_ISA_USAGE = YES_ERROR;
				CLANG_WARN_DOCUMENTATION_COMMENTS = YES;
				CLANG_WARN_EMPTY_BODY = YES;
				CLANG_WARN_ENUM_CONVERSION = YES;
				CLANG_WARN_INFINITE_RECURSION = YES;
				CLANG_WARN_INT_CONVERSION = YES;
				CLANG_WARN_NON_LITERAL_NULL_CONVERSION = YES;
				CLANG_WARN_OBJC_IMPLICIT_RETAIN_SELF = YES;
				CLANG_WARN_OBJC_LITERAL_CONVERSION = YES;
				CLANG_WARN_OBJC_ROOT_CLASS = YES_ERROR;
				CLANG_WARN_RANGE_LOOP_ANALYSIS = YES;
				CLANG_WARN_STRICT_PROTOTYPES = YES;
				CLANG_WARN_SUSPICIOUS_MOVE = YES;
				CLANG_WARN_UNGUARDED_AVAILABILITY = YES_AGGRESSIVE;
				CLANG_WARN_UNREACHABLE_CODE = YES;
				CLANG_WARN__DUPLICATE_METHOD_MATCH = YES;
				CODE_SIGN_IDENTITY = "iPhone Developer";
				COPY_PHASE_STRIP = NO;
				DEBUG_INFORMATION_FORMAT = "dwarf-with-dsym";
				ENABLE_NS_ASSERTIONS = NO;
				ENABLE_STRICT_OBJC_MSGSEND = YES;
				GCC_C_LANGUAGE_STANDARD = gnu11;
				GCC_NO_COMMON_BLOCKS = YES;
				GCC_WARN_64_TO_32_BIT_CONVERSION = YES;
				GCC_WARN_ABOUT_RETURN_TYPE = YES_ERROR;
				GCC_WARN_UNDECLARED_SELECTOR = YES;
				GCC_WARN_UNINITIALIZED_AUTOS = YES_AGGRESSIVE;
				GCC_WARN_UNUSED_FUNCTION = YES;
				GCC_WARN_UNUSED_VARIABLE = YES;
				IPHONEOS_DEPLOYMENT_TARGET = 11.4;
				MTL_ENABLE_DEBUG_INFO = NO;
				SDKROOT = iphoneos;
				SWIFT_COMPILATION_MODE = wholemodule;
				SWIFT_OPTIMIZATION_LEVEL = "-O";
				VALIDATE_PRODUCT = YES;
			};
			name = Release;
		};
		DAB629AA2149753100A11728 /* Debug */ = {
			isa = XCBuildConfiguration;
			buildSettings = {
				ASSETCATALOG_COMPILER_APPICON_NAME = AppIcon;
				CODE_SIGN_STYLE = Automatic;
				DEVELOPMENT_TEAM = 9GW78CXC2W;
				INFOPLIST_FILE = BottomSheetDemo/Info.plist;
				LD_RUNPATH_SEARCH_PATHS = (
					"$(inherited)",
					"@executable_path/Frameworks",
				);
				PRODUCT_BUNDLE_IDENTIFIER = com.phonepe.BottomSheetDemo;
				PRODUCT_NAME = "$(TARGET_NAME)";
				SWIFT_VERSION = 4.0;
				TARGETED_DEVICE_FAMILY = "1,2";
			};
			name = Debug;
		};
		DAB629AB2149753100A11728 /* Release */ = {
			isa = XCBuildConfiguration;
			buildSettings = {
				ASSETCATALOG_COMPILER_APPICON_NAME = AppIcon;
				CODE_SIGN_STYLE = Automatic;
				DEVELOPMENT_TEAM = 9GW78CXC2W;
				INFOPLIST_FILE = BottomSheetDemo/Info.plist;
				LD_RUNPATH_SEARCH_PATHS = (
					"$(inherited)",
					"@executable_path/Frameworks",
				);
				PRODUCT_BUNDLE_IDENTIFIER = com.phonepe.BottomSheetDemo;
				PRODUCT_NAME = "$(TARGET_NAME)";
				SWIFT_VERSION = 4.0;
				TARGETED_DEVICE_FAMILY = "1,2";
			};
			name = Release;
		};
/* End XCBuildConfiguration section */

/* Begin XCConfigurationList section */
		DAB629902149752F00A11728 /* Build configuration list for PBXProject "BottomSheetDemo" */ = {
			isa = XCConfigurationList;
			buildConfigurations = (
				DAB629A72149753100A11728 /* Debug */,
				DAB629A82149753100A11728 /* Release */,
			);
			defaultConfigurationIsVisible = 0;
			defaultConfigurationName = Release;
		};
		DAB629A92149753100A11728 /* Build configuration list for PBXNativeTarget "BottomSheetDemo" */ = {
			isa = XCConfigurationList;
			buildConfigurations = (
				DAB629AA2149753100A11728 /* Debug */,
				DAB629AB2149753100A11728 /* Release */,
			);
			defaultConfigurationIsVisible = 0;
			defaultConfigurationName = Release;
		};
/* End XCConfigurationList section */
	};
	rootObject = DAB6298D2149752F00A11728 /* Project object */;
}
